<Solution>
  <Folder Name="/Shared/">
    <Project Path="../Shared/Kernel/Fgs.Kernel/Fgs.Kernel.csproj" />
    <Project Path="../Shared/Foundation/Fgs.Foundation/Fgs.Foundation.csproj" />
    <Project Path="../Shared/Contracts/Fgs.Contracts/Fgs.Contracts.csproj" />
    <Project Path="../Shared/Persistence/Fgs.Persistence/Fgs.Persistence.csproj" />
    <Project Path="../Shared/Security/Fgs.Security/Fgs.Security.csproj" />
    <Project Path="../Shared/MultiTenancy/Fgs.MultiTenancy/Fgs.MultiTenancy.csproj" />
    <Project Path="../Shared/Observability/Fgs.Observability/Fgs.Observability.csproj" />
  </Folder>
  <Folder Name="/IntegrationService/">
    <Project Path="Fgs.Integration.Domain/Fgs.Integration.Domain.csproj" />
    <Project Path="Fgs.Integration.Application/Fgs.Integration.Application.csproj" />
    <Project Path="Fgs.Integration.Infrastructure/Fgs.Integration.Infrastructure.csproj" />
    <Project Path="Fgs.Integration.API/Fgs.Integration.API.csproj" />
    <Project Path="Fgs.Integration.Tests/Fgs.Integration.Tests.csproj" />
  </Folder>
</Solution>
