<Solution>
  <Folder Name="/Shared/">
    <Project Path="../Shared/Kernel/Fgs.Kernel/Fgs.Kernel.csproj" />
    <Project Path="../Shared/Foundation/Fgs.Foundation/Fgs.Foundation.csproj" />
    <Project Path="../Shared/Contracts/Fgs.Contracts/Fgs.Contracts.csproj" />
    <Project Path="../Shared/Persistence/Fgs.Persistence/Fgs.Persistence.csproj" />
    <Project Path="../Shared/Security/Fgs.Security/Fgs.Security.csproj" />
    <Project Path="../Shared/MultiTenancy/Fgs.MultiTenancy/Fgs.MultiTenancy.csproj" />
    <Project Path="../Shared/Observability/Fgs.Observability/Fgs.Observability.csproj" />
  </Folder>
  <Folder Name="/AuditService/">
    <Project Path="Fgs.Audit.Domain/Fgs.Audit.Domain.csproj" />
    <Project Path="Fgs.Audit.Application/Fgs.Audit.Application.csproj" />
    <Project Path="Fgs.Audit.Infrastructure/Fgs.Audit.Infrastructure.csproj" />
    <Project Path="Fgs.Audit.API/Fgs.Audit.API.csproj" />
    <Project Path="Fgs.Audit.Tests/Fgs.Audit.Tests.csproj" />
  </Folder>
</Solution>
