<Solution>
  <Folder Name="/Shared/">
    <Project Path="../Shared/Kernel/Fgs.Kernel/Fgs.Kernel.csproj" />
    <Project Path="../Shared/Foundation/Fgs.Foundation/Fgs.Foundation.csproj" />
    <Project Path="../Shared/Contracts/Fgs.Contracts/Fgs.Contracts.csproj" />
    <Project Path="../Shared/Persistence/Fgs.Persistence/Fgs.Persistence.csproj" />
    <Project Path="../Shared/Security/Fgs.Security/Fgs.Security.csproj" />
    <Project Path="../Shared/MultiTenancy/Fgs.MultiTenancy/Fgs.MultiTenancy.csproj" />
    <Project Path="../Shared/Observability/Fgs.Observability/Fgs.Observability.csproj" />
  </Folder>
  <Folder Name="/CommunicationService/">
    <Project Path="Fgs.Communication.Domain/Fgs.Communication.Domain.csproj" />
    <Project Path="Fgs.Communication.Application/Fgs.Communication.Application.csproj" />
    <Project Path="Fgs.Communication.Infrastructure/Fgs.Communication.Infrastructure.csproj" />
    <Project Path="Fgs.Communication.API/Fgs.Communication.API.csproj" />
    <Project Path="Fgs.Communication.Tests/Fgs.Communication.Tests.csproj" />
  </Folder>
</Solution>
