<Solution>
  <Folder Name="/Shared/">
    <Project Path="../Shared/Kernel/Fgs.Kernel/Fgs.Kernel.csproj" />
    <Project Path="../Shared/Foundation/Fgs.Foundation/Fgs.Foundation.csproj" />
    <Project Path="../Shared/Contracts/Fgs.Contracts/Fgs.Contracts.csproj" />
    <Project Path="../Shared/Persistence/Fgs.Persistence/Fgs.Persistence.csproj" />
    <Project Path="../Shared/Security/Fgs.Security/Fgs.Security.csproj" />
    <Project Path="../Shared/MultiTenancy/Fgs.MultiTenancy/Fgs.MultiTenancy.csproj" />
    <Project Path="../Shared/Observability/Fgs.Observability/Fgs.Observability.csproj" />
  </Folder>
  <Folder Name="/WorkOrderService/">
    <Project Path="Fgs.WorkOrder.Domain/Fgs.WorkOrder.Domain.csproj" />
    <Project Path="Fgs.WorkOrder.Application/Fgs.WorkOrder.Application.csproj" />
    <Project Path="Fgs.WorkOrder.Infrastructure/Fgs.WorkOrder.Infrastructure.csproj" />
    <Project Path="Fgs.WorkOrder.API/Fgs.WorkOrder.API.csproj" />
    <Project Path="Fgs.WorkOrder.Tests/Fgs.WorkOrder.Tests.csproj" Id="a1c2e3f4-5566-7788-99aa-bbccddeeff00" />
  </Folder>
</Solution>
