<Solution>
  <Folder Name="/Shared/">
    <Project Path="../Shared/Kernel/Fgs.Kernel/Fgs.Kernel.csproj" />
    <Project Path="../Shared/Foundation/Fgs.Foundation/Fgs.Foundation.csproj" />
    <Project Path="../Shared/Contracts/Fgs.Contracts/Fgs.Contracts.csproj" />
    <Project Path="../Shared/Messaging/Fgs.Messaging/Fgs.Messaging.csproj" />
    <Project Path="../Shared/Persistence/Fgs.Persistence/Fgs.Persistence.csproj" />
    <Project Path="../Shared/Security/Fgs.Security/Fgs.Security.csproj" />
    <Project Path="../Shared/MultiTenancy/Fgs.MultiTenancy/Fgs.MultiTenancy.csproj" />
    <Project Path="../Shared/Observability/Fgs.Observability/Fgs.Observability.csproj" />
  </Folder>
  <Folder Name="/UserService/">
    <Project Path="Fgs.User.Domain/Fgs.User.Domain.csproj" />
    <Project Path="Fgs.User.Application/Fgs.User.Application.csproj" />
    <Project Path="Fgs.User.Infrastructure/Fgs.User.Infrastructure.csproj" />
    <Project Path="Fgs.User.API/Fgs.User.API.csproj" />
    <Project Path="Fgs.User.Tests/Fgs.User.Tests.csproj" Id="5b2e9071-2239-4035-8e75-ce61edb731c9" />
  </Folder>
</Solution>
