<Solution>
  <Folder Name="/Gateway/">
  </Folder>
  <Folder Name="/Shared/">
    <Project Path="Shared/Kernel/Fgs.Kernel/Fgs.Kernel.csproj" />
    <Project Path="Shared/Foundation/Fgs.Foundation/Fgs.Foundation.csproj" />
    <Project Path="Shared/Contracts/Fgs.Contracts/Fgs.Contracts.csproj" />
    <Project Path="Shared/Messaging/Fgs.Messaging/Fgs.Messaging.csproj" />
    <Project Path="Shared/Persistence/Fgs.Persistence/Fgs.Persistence.csproj" />
    <Project Path="Shared/Security/Fgs.Security/Fgs.Security.csproj" />
    <Project Path="Shared/Security/Fgs.Security.Tests/Fgs.Security.Tests.csproj" />
    <Project Path="Shared/MultiTenancy/Fgs.MultiTenancy/Fgs.MultiTenancy.csproj" />
    <Project Path="Shared/Observability/Fgs.Observability/Fgs.Observability.csproj" />
    <Project Path="Shared/Credentials/Fgs.Credentials/Fgs.Credentials.csproj" />
    <Project Path="Shared/Credentials/Fgs.Credentials.Tests/Fgs.Credentials.Tests.csproj" />
  </Folder>
  <Folder Name="/UserService/">
    <Project Path="UserService/Fgs.User.Domain/Fgs.User.Domain.csproj" />
    <Project Path="UserService/Fgs.User.Application/Fgs.User.Application.csproj" />
    <Project Path="UserService/Fgs.User.Infrastructure/Fgs.User.Infrastructure.csproj" />
    <Project Path="UserService/Fgs.User.API/Fgs.User.API.csproj" />
    <Project Path="UserService/Fgs.User.Tests/Fgs.User.Tests.csproj" />
  </Folder>
  <Folder Name="/SetupService/">
    <Project Path="SetupService/Fgs.Setup.Domain/Fgs.Setup.Domain.csproj" />
    <Project Path="SetupService/Fgs.Setup.Application/Fgs.Setup.Application.csproj" />
    <Project Path="SetupService/Fgs.Setup.Infrastructure/Fgs.Setup.Infrastructure.csproj" />
    <Project Path="SetupService/Fgs.Setup.API/Fgs.Setup.API.csproj" />
    <Project Path="SetupService/Fgs.Setup.Tests/Fgs.Setup.Tests.csproj" />
  </Folder>
  <Folder Name="/FileService/">
    <Project Path="FileService/Fgs.File.Domain/Fgs.File.Domain.csproj" />
    <Project Path="FileService/Fgs.File.Application/Fgs.File.Application.csproj" />
    <Project Path="FileService/Fgs.File.Infrastructure/Fgs.File.Infrastructure.csproj" />
    <Project Path="FileService/Fgs.File.API/Fgs.File.API.csproj" />
    <Project Path="FileService/Fgs.File.Tests/Fgs.File.Tests.csproj" />
  </Folder>
  <Folder Name="/AuditService/">
    <Project Path="AuditService/Fgs.Audit.Domain/Fgs.Audit.Domain.csproj" />
    <Project Path="AuditService/Fgs.Audit.Application/Fgs.Audit.Application.csproj" />
    <Project Path="AuditService/Fgs.Audit.Infrastructure/Fgs.Audit.Infrastructure.csproj" />
    <Project Path="AuditService/Fgs.Audit.API/Fgs.Audit.API.csproj" />
    <Project Path="AuditService/Fgs.Audit.Tests/Fgs.Audit.Tests.csproj" />
  </Folder>
  <Folder Name="/BillingService/">
    <Project Path="BillingService/Fgs.Billing.Domain/Fgs.Billing.Domain.csproj" />
    <Project Path="BillingService/Fgs.Billing.Application/Fgs.Billing.Application.csproj" />
    <Project Path="BillingService/Fgs.Billing.Infrastructure/Fgs.Billing.Infrastructure.csproj" />
    <Project Path="BillingService/Fgs.Billing.API/Fgs.Billing.API.csproj" />
    <Project Path="BillingService/Fgs.Billing.Tests/Fgs.Billing.Tests.csproj" />
  </Folder>
  <Folder Name="/CrmService/">
    <Project Path="CrmService/Fgs.Crm.Domain/Fgs.Crm.Domain.csproj" />
    <Project Path="CrmService/Fgs.Crm.Application/Fgs.Crm.Application.csproj" />
    <Project Path="CrmService/Fgs.Crm.Infrastructure/Fgs.Crm.Infrastructure.csproj" />
    <Project Path="CrmService/Fgs.Crm.API/Fgs.Crm.API.csproj" />
    <Project Path="CrmService/Fgs.Crm.Tests/Fgs.Crm.Tests.csproj" />
  </Folder>
  <Folder Name="/SchedulingService/">
    <Project Path="SchedulingService/Fgs.Scheduling.Domain/Fgs.Scheduling.Domain.csproj" />
    <Project Path="SchedulingService/Fgs.Scheduling.Application/Fgs.Scheduling.Application.csproj" />
    <Project Path="SchedulingService/Fgs.Scheduling.Infrastructure/Fgs.Scheduling.Infrastructure.csproj" />
    <Project Path="SchedulingService/Fgs.Scheduling.API/Fgs.Scheduling.API.csproj" />
    <Project Path="SchedulingService/Fgs.Scheduling.Tests/Fgs.Scheduling.Tests.csproj" />
  </Folder>
  <Folder Name="/IntegrationService/">
    <Project Path="IntegrationService/Fgs.Integration.Domain/Fgs.Integration.Domain.csproj" />
    <Project Path="IntegrationService/Fgs.Integration.Application/Fgs.Integration.Application.csproj" />
    <Project Path="IntegrationService/Fgs.Integration.Infrastructure/Fgs.Integration.Infrastructure.csproj" />
    <Project Path="IntegrationService/Fgs.Integration.API/Fgs.Integration.API.csproj" />
    <Project Path="IntegrationService/Fgs.Integration.Tests/Fgs.Integration.Tests.csproj" />
  </Folder>
  <Folder Name="/InventoryService/">
    <Project Path="InventoryService/Fgs.Inventory.Domain/Fgs.Inventory.Domain.csproj" />
    <Project Path="InventoryService/Fgs.Inventory.Application/Fgs.Inventory.Application.csproj" />
    <Project Path="InventoryService/Fgs.Inventory.Infrastructure/Fgs.Inventory.Infrastructure.csproj" />
    <Project Path="InventoryService/Fgs.Inventory.API/Fgs.Inventory.API.csproj" />
    <Project Path="InventoryService/Fgs.Inventory.Tests/Fgs.Inventory.Tests.csproj" />
  </Folder>
  <Folder Name="/NotificationService/">
    <Project Path="NotificationService/Fgs.Notification.Domain/Fgs.Notification.Domain.csproj" />
    <Project Path="NotificationService/Fgs.Notification.Application/Fgs.Notification.Application.csproj" />
    <Project Path="NotificationService/Fgs.Notification.Infrastructure/Fgs.Notification.Infrastructure.csproj" />
    <Project Path="NotificationService/Fgs.Notification.API/Fgs.Notification.API.csproj" />
    <Project Path="NotificationService/Fgs.Notification.Tests/Fgs.Notification.Tests.csproj" />
  </Folder>
  <Folder Name="/ReportingService/">
    <Project Path="ReportingService/Fgs.Reporting.Domain/Fgs.Reporting.Domain.csproj" />
    <Project Path="ReportingService/Fgs.Reporting.Application/Fgs.Reporting.Application.csproj" />
    <Project Path="ReportingService/Fgs.Reporting.Infrastructure/Fgs.Reporting.Infrastructure.csproj" />
    <Project Path="ReportingService/Fgs.Reporting.API/Fgs.Reporting.API.csproj" />
    <Project Path="ReportingService/Fgs.Reporting.Tests/Fgs.Reporting.Tests.csproj" />
  </Folder>
  <Folder Name="/ServiceAgreementService/">
    <Project Path="ServiceAgreementService/Fgs.ServiceAgreement.Domain/Fgs.ServiceAgreement.Domain.csproj" />
    <Project Path="ServiceAgreementService/Fgs.ServiceAgreement.Application/Fgs.ServiceAgreement.Application.csproj" />
    <Project Path="ServiceAgreementService/Fgs.ServiceAgreement.Infrastructure/Fgs.ServiceAgreement.Infrastructure.csproj" />
    <Project Path="ServiceAgreementService/Fgs.ServiceAgreement.API/Fgs.ServiceAgreement.API.csproj" />
    <Project Path="ServiceAgreementService/Fgs.ServiceAgreement.Tests/Fgs.ServiceAgreement.Tests.csproj" />
  </Folder>
  <Folder Name="/CommunicationService/">
    <Project Path="CommunicationService/Fgs.Communication.Domain/Fgs.Communication.Domain.csproj" />
    <Project Path="CommunicationService/Fgs.Communication.Application/Fgs.Communication.Application.csproj" />
    <Project Path="CommunicationService/Fgs.Communication.Infrastructure/Fgs.Communication.Infrastructure.csproj" />
    <Project Path="CommunicationService/Fgs.Communication.API/Fgs.Communication.API.csproj" />
    <Project Path="CommunicationService/Fgs.Communication.Tests/Fgs.Communication.Tests.csproj" />
  </Folder>
  <Folder Name="/PublisherService/">
    <Project Path="PublisherService/Fgs.Publisher.Domain/Fgs.Publisher.Domain.csproj" />
    <Project Path="PublisherService/Fgs.Publisher.Application/Fgs.Publisher.Application.csproj" />
    <Project Path="PublisherService/Fgs.Publisher.Infrastructure/Fgs.Publisher.Infrastructure.csproj" />
    <Project Path="PublisherService/Fgs.Publisher.API/Fgs.Publisher.API.csproj" />
    <Project Path="PublisherService/Fgs.Publisher.Tests/Fgs.Publisher.Tests.csproj" />
  </Folder>
  <Folder Name="/ConsumerService/">
    <Project Path="ConsumerService/Fgs.Consumer.Domain/Fgs.Consumer.Domain.csproj" />
    <Project Path="ConsumerService/Fgs.Consumer.Application/Fgs.Consumer.Application.csproj" />
    <Project Path="ConsumerService/Fgs.Consumer.Infrastructure/Fgs.Consumer.Infrastructure.csproj" />
    <Project Path="ConsumerService/Fgs.Consumer.API/Fgs.Consumer.API.csproj" />
    <Project Path="ConsumerService/Fgs.Consumer.Tests/Fgs.Consumer.Tests.csproj" />
  </Folder>
  <Folder Name="/AssetService/">
    <Project Path="AssetService/Fgs.Asset.Domain/Fgs.Asset.Domain.csproj" />
    <Project Path="AssetService/Fgs.Asset.Application/Fgs.Asset.Application.csproj" />
    <Project Path="AssetService/Fgs.Asset.Infrastructure/Fgs.Asset.Infrastructure.csproj" />
    <Project Path="AssetService/Fgs.Asset.API/Fgs.Asset.API.csproj" />
    <Project Path="AssetService/Fgs.Asset.Tests/Fgs.Asset.Tests.csproj" />
  </Folder>
</Solution>
